
Microsoft Visual Studio Solution File, Format Version 12.00
# Visual Studio 2012
Project("{2150E333-8FDC-42A3-9474-1A3956D46DE8}") = "1 - Capas", "1 - Capas", "{721B69F8-78FF-4CC0-90F0-A7F42F079611}"
EndProject
Project("{2150E333-8FDC-42A3-9474-1A3956D46DE8}") = "1.1 - Presentacion", "1.1 - Presentacion", "{845A4A74-329C-4000-81BB-2C28133F4220}"
EndProject
Project("{2150E333-8FDC-42A3-9474-1A3956D46DE8}") = "1.2 - Servicios Distribuidos", "1.2 - Servicios Distribuidos", "{AD8CAF2B-D6B0-499C-95D4-69032EAFDF42}"
EndProject
Project("{2150E333-8FDC-42A3-9474-1A3956D46DE8}") = "1.3 - Aplicacion", "1.3 - Aplicacion", "{593DED6E-184A-4408-80CB-597C50A7ED59}"
EndProject
Project("{2150E333-8FDC-42A3-9474-1A3956D46DE8}") = "1.4 - Dominio", "1.4 - Dominio", "{5DAE4390-FBF6-442C-977A-35CB722E2D1C}"
EndProject
Project("{2150E333-8FDC-42A3-9474-1A3956D46DE8}") = "1.5 - Infraestructura", "1.5 - Infraestructura", "{83661591-4F55-4834-AF92-ECC33D4164D1}"
EndProject
Project("{2150E333-8FDC-42A3-9474-1A3956D46DE8}") = "1.5.1 - Datos", "1.5.1 - Datos", "{4339D2EE-E46C-4FA5-BFA0-89383662FB21}"
EndProject
Project("{2150E333-8FDC-42A3-9474-1A3956D46DE8}") = "1.5.2 - Transversales", "1.5.2 - Transversales", "{E5A92488-C342-4861-AD50-BA0CBA5475DB}"
EndProject
Project("{2150E333-8FDC-42A3-9474-1A3956D46DE8}") = "1.5.1.1 - Núcleo", "1.5.1.1 - Núcleo", "{7FA8CCC6-B5D2-4F57-886F-795A20BE1B96}"
EndProject
Project("{2150E333-8FDC-42A3-9474-1A3956D46DE8}") = "1.5.1.3 - Módulos", "1.5.1.3 - Módulos", "{5FFB02C9-4D27-48D0-8C64-6F32285C5B80}"
EndProject
Project("{2150E333-8FDC-42A3-9474-1A3956D46DE8}") = "1.4.1 - Núcleo", "1.4.1 - Núcleo", "{0A48C7BF-1105-413C-9F12-71209F165DD0}"
EndProject
Project("{2150E333-8FDC-42A3-9474-1A3956D46DE8}") = "1.4.2 - Módulos", "1.4.2 - Módulos", "{D72FCCA3-3FDD-4DFA-8B70-9BF9A7B973D5}"
EndProject
Project("{2150E333-8FDC-42A3-9474-1A3956D46DE8}") = "1.1.1 - Agente de Servicios", "1.1.1 - Agente de Servicios", "{05CA1D6C-DF29-4C7F-9371-2096B3635B17}"
EndProject
Project("{2150E333-8FDC-42A3-9474-1A3956D46DE8}") = "1.1.2 - ASP.NET", "1.1.2 - ASP.NET", "{3145C52A-7F49-442E-91ED-46ECDCF02705}"
EndProject
Project("{2150E333-8FDC-42A3-9474-1A3956D46DE8}") = "1.3.1 - Módulos", "1.3.1 - Módulos", "{FB8E5864-A031-4296-BB25-62E25D7698F0}"
EndProject
Project("{2150E333-8FDC-42A3-9474-1A3956D46DE8}") = "1.2.1 - Núcleo", "1.2.1 - Núcleo", "{B3445CDF-D12E-4D72-A08A-3F808050B0DC}"
EndProject
Project("{2150E333-8FDC-42A3-9474-1A3956D46DE8}") = "1.2.2 - Módulos", "1.2.2 - Módulos", "{D75B49E7-3B2C-46C9-9E72-D97E4B2AF797}"
EndProject
Project("{2150E333-8FDC-42A3-9474-1A3956D46DE8}") = "1.2.3 - Implementaciones", "1.2.3 - Implementaciones", "{22DE834A-5B68-4694-9782-CBC25864C642}"
EndProject
Project("{2150E333-8FDC-42A3-9474-1A3956D46DE8}") = "1.5.1.2 - Agente de Servicios Externos", "1.5.1.2 - Agente de Servicios Externos", "{B29D5321-B219-41EC-AF64-B6CF7D3DDDF2}"
EndProject
Project("{FAE04EC0-301F-11D3-BF4B-00C04F79EFBC}") = "Infraestructura.Datos.Nucleo", "Infraestructura.Datos.Nucleo\Infraestructura.Datos.Nucleo.csproj", "{CF3A959C-55DF-49DE-93B5-E3A820E02B2B}"
EndProject
Project("{FAE04EC0-301F-11D3-BF4B-00C04F79EFBC}") = "Infraestructura.Datos.ModuloPrincipal", "Infraestructura.Datos.ModuloPrincipal\Infraestructura.Datos.ModuloPrincipal.csproj", "{396E1D30-62E6-418D-82AD-8756B48EB1AD}"
EndProject
Project("{FAE04EC0-301F-11D3-BF4B-00C04F79EFBC}") = "Dominio.Nucleo", "Dominio.Nucleo\Dominio.Nucleo.csproj", "{571F8B11-5E3C-4F59-9FE2-D65C4CBFABBC}"
EndProject
Project("{FAE04EC0-301F-11D3-BF4B-00C04F79EFBC}") = "Dominio.ModuloPrincipal", "Dominio.ModuloPrincipal\Dominio.ModuloPrincipal.csproj", "{D9B44BD1-3DE6-4C1A-A2B6-8204F22DE1B8}"
EndProject
Project("{FAE04EC0-301F-11D3-BF4B-00C04F79EFBC}") = "Dominio.ModuloPrincipal.Entidades", "Dominio.ModuloPrincipal.Entidades\Dominio.ModuloPrincipal.Entidades.csproj", "{8384B62D-C8A9-45D8-8A3A-E51D495B3DE5}"
EndProject
Project("{FAE04EC0-301F-11D3-BF4B-00C04F79EFBC}") = "Infraestructura.Transversales", "Infraestructura.Transversales\Infraestructura.Transversales.csproj", "{B98745B0-AB2F-4558-82A5-2D0373F0A9C1}"
EndProject
Project("{FAE04EC0-301F-11D3-BF4B-00C04F79EFBC}") = "Infraestructura.Transversales.Frameworks", "Infraestructura.Transversales.Frameworks\Infraestructura.Transversales.Frameworks.csproj", "{B46800D9-E09A-452A-81C5-B174FC8C79E3}"
EndProject
Project("{FAE04EC0-301F-11D3-BF4B-00C04F79EFBC}") = "Infraestructura.Transversales.IoC", "Infraestructura.Transversales.IoC\Infraestructura.Transversales.IoC.csproj", "{76278D99-9AE0-4866-B748-20458FA7DD21}"
EndProject
Project("{FAE04EC0-301F-11D3-BF4B-00C04F79EFBC}") = "Aplicacion.ModuloPrincipal", "Aplicacion.ModuloPrincipal\Aplicacion.ModuloPrincipal.csproj", "{EE515283-1074-4DBC-BC69-7A3064AD57DD}"
EndProject
Project("{FAE04EC0-301F-11D3-BF4B-00C04F79EFBC}") = "Presentacion.AspNet.Sitio", "Presentacion.AspNet.Sitio\Presentacion.AspNet.Sitio.csproj", "{8EC3CBBC-059B-42FE-B41A-738584DC4211}"
EndProject
Project("{FAE04EC0-301F-11D3-BF4B-00C04F79EFBC}") = "Presentacion.AspNet.Administracion", "Presentacion.AspNet.Administracion\Presentacion.AspNet.Administracion.csproj", "{496870C4-9B64-4B8A-847E-85E1F82D8A0A}"
EndProject
Project("{FAE04EC0-301F-11D3-BF4B-00C04F79EFBC}") = "Infraestructura.Datos.ModuloAdministracion", "Infraestructura.Datos.ModuloAdministracion\Infraestructura.Datos.ModuloAdministracion.csproj", "{273D460D-D84F-446C-AF8D-D13F3CE48308}"
EndProject
Project("{FAE04EC0-301F-11D3-BF4B-00C04F79EFBC}") = "Infraestructura.Transversales.Proveedores", "Infraestructura.Transversales.Proveedores\Infraestructura.Transversales.Proveedores.csproj", "{AEBFBB20-805B-44D4-8531-1FF4D81A4448}"
EndProject
Project("{FAE04EC0-301F-11D3-BF4B-00C04F79EFBC}") = "Infraestructura.Datos.AgenteDeServiciosExternos", "Infraestructura.Datos.AgenteDeServiciosExternos\Infraestructura.Datos.AgenteDeServiciosExternos.csproj", "{A73B97AF-B6D7-49FD-AAA2-FD3F5563B84F}"
EndProject
Project("{FAE04EC0-301F-11D3-BF4B-00C04F79EFBC}") = "ServiciosDistribuidos.Nucleo", "ServiciosDistribuidos.Nucleo\ServiciosDistribuidos.Nucleo.csproj", "{94F1B02F-E606-442A-9DE2-083467F0A210}"
EndProject
Project("{FAE04EC0-301F-11D3-BF4B-00C04F79EFBC}") = "ServiciosDistribuidos.ModuloPrincipal", "ServiciosDistribuidos.ModuloPrincipal\ServiciosDistribuidos.ModuloPrincipal.csproj", "{711E1934-2B67-4F44-BB55-ECC3E19E7866}"
EndProject
Project("{FAE04EC0-301F-11D3-BF4B-00C04F79EFBC}") = "ServiciosDistribuidos.Implementaciones", "ServiciosDistribuidos.Implementaciones\ServiciosDistribuidos.Implementaciones.csproj", "{F3260876-2065-4072-928A-0FE0334D02EE}"
EndProject
Project("{FAE04EC0-301F-11D3-BF4B-00C04F79EFBC}") = "Presentacion.AgenteDeServicios", "Presentacion.AgenteDeServicios\Presentacion.AgenteDeServicios.csproj", "{C905ADF0-8A76-427E-8642-F0C48BBB3427}"
	ProjectSection(ProjectDependencies) = postProject
		{F3260876-2065-4072-928A-0FE0334D02EE} = {F3260876-2065-4072-928A-0FE0334D02EE}
	EndProjectSection
EndProject
Global
	GlobalSection(SolutionConfigurationPlatforms) = preSolution
		Debug|Any CPU = Debug|Any CPU
		Release|Any CPU = Release|Any CPU
	EndGlobalSection
	GlobalSection(ProjectConfigurationPlatforms) = postSolution
		{CF3A959C-55DF-49DE-93B5-E3A820E02B2B}.Debug|Any CPU.ActiveCfg = Debug|Any CPU
		{CF3A959C-55DF-49DE-93B5-E3A820E02B2B}.Debug|Any CPU.Build.0 = Debug|Any CPU
		{CF3A959C-55DF-49DE-93B5-E3A820E02B2B}.Release|Any CPU.ActiveCfg = Release|Any CPU
		{CF3A959C-55DF-49DE-93B5-E3A820E02B2B}.Release|Any CPU.Build.0 = Release|Any CPU
		{396E1D30-62E6-418D-82AD-8756B48EB1AD}.Debug|Any CPU.ActiveCfg = Debug|Any CPU
		{396E1D30-62E6-418D-82AD-8756B48EB1AD}.Debug|Any CPU.Build.0 = Debug|Any CPU
		{396E1D30-62E6-418D-82AD-8756B48EB1AD}.Release|Any CPU.ActiveCfg = Release|Any CPU
		{396E1D30-62E6-418D-82AD-8756B48EB1AD}.Release|Any CPU.Build.0 = Release|Any CPU
		{571F8B11-5E3C-4F59-9FE2-D65C4CBFABBC}.Debug|Any CPU.ActiveCfg = Debug|Any CPU
		{571F8B11-5E3C-4F59-9FE2-D65C4CBFABBC}.Debug|Any CPU.Build.0 = Debug|Any CPU
		{571F8B11-5E3C-4F59-9FE2-D65C4CBFABBC}.Release|Any CPU.ActiveCfg = Release|Any CPU
		{571F8B11-5E3C-4F59-9FE2-D65C4CBFABBC}.Release|Any CPU.Build.0 = Release|Any CPU
		{D9B44BD1-3DE6-4C1A-A2B6-8204F22DE1B8}.Debug|Any CPU.ActiveCfg = Debug|Any CPU
		{D9B44BD1-3DE6-4C1A-A2B6-8204F22DE1B8}.Debug|Any CPU.Build.0 = Debug|Any CPU
		{D9B44BD1-3DE6-4C1A-A2B6-8204F22DE1B8}.Release|Any CPU.ActiveCfg = Release|Any CPU
		{D9B44BD1-3DE6-4C1A-A2B6-8204F22DE1B8}.Release|Any CPU.Build.0 = Release|Any CPU
		{8384B62D-C8A9-45D8-8A3A-E51D495B3DE5}.Debug|Any CPU.ActiveCfg = Debug|Any CPU
		{8384B62D-C8A9-45D8-8A3A-E51D495B3DE5}.Debug|Any CPU.Build.0 = Debug|Any CPU
		{8384B62D-C8A9-45D8-8A3A-E51D495B3DE5}.Release|Any CPU.ActiveCfg = Release|Any CPU
		{8384B62D-C8A9-45D8-8A3A-E51D495B3DE5}.Release|Any CPU.Build.0 = Release|Any CPU
		{B98745B0-AB2F-4558-82A5-2D0373F0A9C1}.Debug|Any CPU.ActiveCfg = Debug|Any CPU
		{B98745B0-AB2F-4558-82A5-2D0373F0A9C1}.Debug|Any CPU.Build.0 = Debug|Any CPU
		{B98745B0-AB2F-4558-82A5-2D0373F0A9C1}.Release|Any CPU.ActiveCfg = Release|Any CPU
		{B98745B0-AB2F-4558-82A5-2D0373F0A9C1}.Release|Any CPU.Build.0 = Release|Any CPU
		{B46800D9-E09A-452A-81C5-B174FC8C79E3}.Debug|Any CPU.ActiveCfg = Debug|Any CPU
		{B46800D9-E09A-452A-81C5-B174FC8C79E3}.Debug|Any CPU.Build.0 = Debug|Any CPU
		{B46800D9-E09A-452A-81C5-B174FC8C79E3}.Release|Any CPU.ActiveCfg = Release|Any CPU
		{B46800D9-E09A-452A-81C5-B174FC8C79E3}.Release|Any CPU.Build.0 = Release|Any CPU
		{76278D99-9AE0-4866-B748-20458FA7DD21}.Debug|Any CPU.ActiveCfg = Debug|Any CPU
		{76278D99-9AE0-4866-B748-20458FA7DD21}.Debug|Any CPU.Build.0 = Debug|Any CPU
		{76278D99-9AE0-4866-B748-20458FA7DD21}.Release|Any CPU.ActiveCfg = Release|Any CPU
		{76278D99-9AE0-4866-B748-20458FA7DD21}.Release|Any CPU.Build.0 = Release|Any CPU
		{EE515283-1074-4DBC-BC69-7A3064AD57DD}.Debug|Any CPU.ActiveCfg = Debug|Any CPU
		{EE515283-1074-4DBC-BC69-7A3064AD57DD}.Debug|Any CPU.Build.0 = Debug|Any CPU
		{EE515283-1074-4DBC-BC69-7A3064AD57DD}.Release|Any CPU.ActiveCfg = Release|Any CPU
		{EE515283-1074-4DBC-BC69-7A3064AD57DD}.Release|Any CPU.Build.0 = Release|Any CPU
		{8EC3CBBC-059B-42FE-B41A-738584DC4211}.Debug|Any CPU.ActiveCfg = Debug|Any CPU
		{8EC3CBBC-059B-42FE-B41A-738584DC4211}.Debug|Any CPU.Build.0 = Debug|Any CPU
		{8EC3CBBC-059B-42FE-B41A-738584DC4211}.Release|Any CPU.ActiveCfg = Release|Any CPU
		{8EC3CBBC-059B-42FE-B41A-738584DC4211}.Release|Any CPU.Build.0 = Release|Any CPU
		{496870C4-9B64-4B8A-847E-85E1F82D8A0A}.Debug|Any CPU.ActiveCfg = Debug|Any CPU
		{496870C4-9B64-4B8A-847E-85E1F82D8A0A}.Debug|Any CPU.Build.0 = Debug|Any CPU
		{496870C4-9B64-4B8A-847E-85E1F82D8A0A}.Release|Any CPU.ActiveCfg = Release|Any CPU
		{496870C4-9B64-4B8A-847E-85E1F82D8A0A}.Release|Any CPU.Build.0 = Release|Any CPU
		{273D460D-D84F-446C-AF8D-D13F3CE48308}.Debug|Any CPU.ActiveCfg = Debug|Any CPU
		{273D460D-D84F-446C-AF8D-D13F3CE48308}.Debug|Any CPU.Build.0 = Debug|Any CPU
		{273D460D-D84F-446C-AF8D-D13F3CE48308}.Release|Any CPU.ActiveCfg = Release|Any CPU
		{273D460D-D84F-446C-AF8D-D13F3CE48308}.Release|Any CPU.Build.0 = Release|Any CPU
		{AEBFBB20-805B-44D4-8531-1FF4D81A4448}.Debug|Any CPU.ActiveCfg = Debug|Any CPU
		{AEBFBB20-805B-44D4-8531-1FF4D81A4448}.Debug|Any CPU.Build.0 = Debug|Any CPU
		{AEBFBB20-805B-44D4-8531-1FF4D81A4448}.Release|Any CPU.ActiveCfg = Release|Any CPU
		{AEBFBB20-805B-44D4-8531-1FF4D81A4448}.Release|Any CPU.Build.0 = Release|Any CPU
		{A73B97AF-B6D7-49FD-AAA2-FD3F5563B84F}.Debug|Any CPU.ActiveCfg = Debug|Any CPU
		{A73B97AF-B6D7-49FD-AAA2-FD3F5563B84F}.Debug|Any CPU.Build.0 = Debug|Any CPU
		{A73B97AF-B6D7-49FD-AAA2-FD3F5563B84F}.Release|Any CPU.ActiveCfg = Release|Any CPU
		{A73B97AF-B6D7-49FD-AAA2-FD3F5563B84F}.Release|Any CPU.Build.0 = Release|Any CPU
		{94F1B02F-E606-442A-9DE2-083467F0A210}.Debug|Any CPU.ActiveCfg = Debug|Any CPU
		{94F1B02F-E606-442A-9DE2-083467F0A210}.Debug|Any CPU.Build.0 = Debug|Any CPU
		{94F1B02F-E606-442A-9DE2-083467F0A210}.Release|Any CPU.ActiveCfg = Release|Any CPU
		{94F1B02F-E606-442A-9DE2-083467F0A210}.Release|Any CPU.Build.0 = Release|Any CPU
		{711E1934-2B67-4F44-BB55-ECC3E19E7866}.Debug|Any CPU.ActiveCfg = Debug|Any CPU
		{711E1934-2B67-4F44-BB55-ECC3E19E7866}.Debug|Any CPU.Build.0 = Debug|Any CPU
		{711E1934-2B67-4F44-BB55-ECC3E19E7866}.Release|Any CPU.ActiveCfg = Release|Any CPU
		{711E1934-2B67-4F44-BB55-ECC3E19E7866}.Release|Any CPU.Build.0 = Release|Any CPU
		{F3260876-2065-4072-928A-0FE0334D02EE}.Debug|Any CPU.ActiveCfg = Debug|Any CPU
		{F3260876-2065-4072-928A-0FE0334D02EE}.Debug|Any CPU.Build.0 = Debug|Any CPU
		{F3260876-2065-4072-928A-0FE0334D02EE}.Release|Any CPU.ActiveCfg = Release|Any CPU
		{F3260876-2065-4072-928A-0FE0334D02EE}.Release|Any CPU.Build.0 = Release|Any CPU
		{C905ADF0-8A76-427E-8642-F0C48BBB3427}.Debug|Any CPU.ActiveCfg = Debug|Any CPU
		{C905ADF0-8A76-427E-8642-F0C48BBB3427}.Debug|Any CPU.Build.0 = Debug|Any CPU
		{C905ADF0-8A76-427E-8642-F0C48BBB3427}.Release|Any CPU.ActiveCfg = Release|Any CPU
		{C905ADF0-8A76-427E-8642-F0C48BBB3427}.Release|Any CPU.Build.0 = Release|Any CPU
	EndGlobalSection
	GlobalSection(SolutionProperties) = preSolution
		HideSolutionNode = FALSE
	EndGlobalSection
	GlobalSection(NestedProjects) = preSolution
		{845A4A74-329C-4000-81BB-2C28133F4220} = {721B69F8-78FF-4CC0-90F0-A7F42F079611}
		{AD8CAF2B-D6B0-499C-95D4-69032EAFDF42} = {721B69F8-78FF-4CC0-90F0-A7F42F079611}
		{593DED6E-184A-4408-80CB-597C50A7ED59} = {721B69F8-78FF-4CC0-90F0-A7F42F079611}
		{5DAE4390-FBF6-442C-977A-35CB722E2D1C} = {721B69F8-78FF-4CC0-90F0-A7F42F079611}
		{83661591-4F55-4834-AF92-ECC33D4164D1} = {721B69F8-78FF-4CC0-90F0-A7F42F079611}
		{05CA1D6C-DF29-4C7F-9371-2096B3635B17} = {845A4A74-329C-4000-81BB-2C28133F4220}
		{3145C52A-7F49-442E-91ED-46ECDCF02705} = {845A4A74-329C-4000-81BB-2C28133F4220}
		{B3445CDF-D12E-4D72-A08A-3F808050B0DC} = {AD8CAF2B-D6B0-499C-95D4-69032EAFDF42}
		{D75B49E7-3B2C-46C9-9E72-D97E4B2AF797} = {AD8CAF2B-D6B0-499C-95D4-69032EAFDF42}
		{22DE834A-5B68-4694-9782-CBC25864C642} = {AD8CAF2B-D6B0-499C-95D4-69032EAFDF42}
		{FB8E5864-A031-4296-BB25-62E25D7698F0} = {593DED6E-184A-4408-80CB-597C50A7ED59}
		{0A48C7BF-1105-413C-9F12-71209F165DD0} = {5DAE4390-FBF6-442C-977A-35CB722E2D1C}
		{D72FCCA3-3FDD-4DFA-8B70-9BF9A7B973D5} = {5DAE4390-FBF6-442C-977A-35CB722E2D1C}
		{4339D2EE-E46C-4FA5-BFA0-89383662FB21} = {83661591-4F55-4834-AF92-ECC33D4164D1}
		{E5A92488-C342-4861-AD50-BA0CBA5475DB} = {83661591-4F55-4834-AF92-ECC33D4164D1}
		{7FA8CCC6-B5D2-4F57-886F-795A20BE1B96} = {4339D2EE-E46C-4FA5-BFA0-89383662FB21}
		{5FFB02C9-4D27-48D0-8C64-6F32285C5B80} = {4339D2EE-E46C-4FA5-BFA0-89383662FB21}
		{B29D5321-B219-41EC-AF64-B6CF7D3DDDF2} = {4339D2EE-E46C-4FA5-BFA0-89383662FB21}
		{B98745B0-AB2F-4558-82A5-2D0373F0A9C1} = {E5A92488-C342-4861-AD50-BA0CBA5475DB}
		{B46800D9-E09A-452A-81C5-B174FC8C79E3} = {E5A92488-C342-4861-AD50-BA0CBA5475DB}
		{76278D99-9AE0-4866-B748-20458FA7DD21} = {E5A92488-C342-4861-AD50-BA0CBA5475DB}
		{AEBFBB20-805B-44D4-8531-1FF4D81A4448} = {E5A92488-C342-4861-AD50-BA0CBA5475DB}
		{CF3A959C-55DF-49DE-93B5-E3A820E02B2B} = {7FA8CCC6-B5D2-4F57-886F-795A20BE1B96}
		{396E1D30-62E6-418D-82AD-8756B48EB1AD} = {5FFB02C9-4D27-48D0-8C64-6F32285C5B80}
		{273D460D-D84F-446C-AF8D-D13F3CE48308} = {5FFB02C9-4D27-48D0-8C64-6F32285C5B80}
		{571F8B11-5E3C-4F59-9FE2-D65C4CBFABBC} = {0A48C7BF-1105-413C-9F12-71209F165DD0}
		{D9B44BD1-3DE6-4C1A-A2B6-8204F22DE1B8} = {D72FCCA3-3FDD-4DFA-8B70-9BF9A7B973D5}
		{8384B62D-C8A9-45D8-8A3A-E51D495B3DE5} = {D72FCCA3-3FDD-4DFA-8B70-9BF9A7B973D5}
		{C905ADF0-8A76-427E-8642-F0C48BBB3427} = {05CA1D6C-DF29-4C7F-9371-2096B3635B17}
		{8EC3CBBC-059B-42FE-B41A-738584DC4211} = {3145C52A-7F49-442E-91ED-46ECDCF02705}
		{496870C4-9B64-4B8A-847E-85E1F82D8A0A} = {3145C52A-7F49-442E-91ED-46ECDCF02705}
		{EE515283-1074-4DBC-BC69-7A3064AD57DD} = {FB8E5864-A031-4296-BB25-62E25D7698F0}
		{94F1B02F-E606-442A-9DE2-083467F0A210} = {B3445CDF-D12E-4D72-A08A-3F808050B0DC}
		{711E1934-2B67-4F44-BB55-ECC3E19E7866} = {D75B49E7-3B2C-46C9-9E72-D97E4B2AF797}
		{F3260876-2065-4072-928A-0FE0334D02EE} = {22DE834A-5B68-4694-9782-CBC25864C642}
		{A73B97AF-B6D7-49FD-AAA2-FD3F5563B84F} = {B29D5321-B219-41EC-AF64-B6CF7D3DDDF2}
	EndGlobalSection
EndGlobal
